// !$*UTF8*$!
{
	archiveVersion = 1;
	classes = {
	};
	objectVersion = 50;
	objects = {

/* Begin PBXBuildFile section */
		393305AA12C8FD5E70B9C811 /* Pods_TestApp.framework in Frameworks */ = {isa = PBXBuildFile; fileRef = 5CF6702533806E1CAC234248 /* Pods_TestApp.framework */; };
		EF5B805B2200D9B10022D365 /* Auth.storyboard in Resources */ = {isa = PBXBuildFile; fileRef = EF5B805A2200D9B10022D365 /* Auth.storyboard */; };
		EF5B80622200E0D70022D365 /* RoundedButton.swift in Sources */ = {isa = PBXBuildFile; fileRef = EF5B80612200E0D70022D365 /* RoundedButton.swift */; };
		EF5B80652200E2080022D365 /* UIFont.swift in Sources */ = {isa = PBXBuildFile; fileRef = EF5B80642200E2080022D365 /* UIFont.swift */; };
		EF5B806A2200E5A20022D365 /* SFUIText-Medium.otf in Resources */ = {isa = PBXBuildFile; fileRef = EF5B80682200E5630022D365 /* SFUIText-Medium.otf */; };
		EF5B806B2200E5A50022D365 /* SFUIText-Regular.otf in Resources */ = {isa = PBXBuildFile; fileRef = EF5B80692200E5630022D365 /* SFUIText-Regular.otf */; };
		EF5B806D2200E70D0022D365 /* UIColor.swift in Sources */ = {isa = PBXBuildFile; fileRef = EF5B806C2200E70D0022D365 /* UIColor.swift */; };
		EF5B80702200E8F60022D365 /* StoryboardHelper.swift in Sources */ = {isa = PBXBuildFile; fileRef = EF5B806F2200E8F60022D365 /* StoryboardHelper.swift */; };
		EF5B807A2200E9900022D365 /* SignInRouter.swift in Sources */ = {isa = PBXBuildFile; fileRef = EF5B80732200E9900022D365 /* SignInRouter.swift */; };
		EF5B807B2200E9900022D365 /* SignInAssembly.swift in Sources */ = {isa = PBXBuildFile; fileRef = EF5B80742200E9900022D365 /* SignInAssembly.swift */; };
		EF5B807C2200E9900022D365 /* SignInPresenter.swift in Sources */ = {isa = PBXBuildFile; fileRef = EF5B80752200E9900022D365 /* SignInPresenter.swift */; };
		EF5B807D2200E9900022D365 /* SignInViewController.swift in Sources */ = {isa = PBXBuildFile; fileRef = EF5B80762200E9900022D365 /* SignInViewController.swift */; };
		EF5B807E2200E9900022D365 /* SignInProtocols.swift in Sources */ = {isa = PBXBuildFile; fileRef = EF5B80772200E9900022D365 /* SignInProtocols.swift */; };
		EF5B807F2200E9900022D365 /* SignInInteractor.swift in Sources */ = {isa = PBXBuildFile; fileRef = EF5B80782200E9900022D365 /* SignInInteractor.swift */; };
		EF5B80832200EE210022D365 /* ViewController.swift in Sources */ = {isa = PBXBuildFile; fileRef = EF5B80822200EE210022D365 /* ViewController.swift */; };
		EF5B80852200F3280022D365 /* L.swift in Sources */ = {isa = PBXBuildFile; fileRef = EF5B80842200F3280022D365 /* L.swift */; };
		EF5B80872200F8330022D365 /* BlueButton.swift in Sources */ = {isa = PBXBuildFile; fileRef = EF5B80862200F8330022D365 /* BlueButton.swift */; };
		EF5B8089220101960022D365 /* BorderButton.swift in Sources */ = {isa = PBXBuildFile; fileRef = EF5B8088220101960022D365 /* BorderButton.swift */; };
		EF5B808C220105630022D365 /* FloatTextField.swift in Sources */ = {isa = PBXBuildFile; fileRef = EF5B808B220105630022D365 /* FloatTextField.swift */; };
		EF5B808E2201071B0022D365 /* BorderView.swift in Sources */ = {isa = PBXBuildFile; fileRef = EF5B808D2201071B0022D365 /* BorderView.swift */; };
		EF5B8090220109070022D365 /* Validation.swift in Sources */ = {isa = PBXBuildFile; fileRef = EF5B808F220109070022D365 /* Validation.swift */; };
		EF5B8092220109530022D365 /* UIViewController.swift in Sources */ = {isa = PBXBuildFile; fileRef = EF5B8091220109530022D365 /* UIViewController.swift */; };
		EF5B809422010BA90022D365 /* UIView.swift in Sources */ = {isa = PBXBuildFile; fileRef = EF5B809322010BA90022D365 /* UIView.swift */; };
		EF5B80992201167A0022D365 /* WeatherRequestManager.swift in Sources */ = {isa = PBXBuildFile; fileRef = EF5B80982201167A0022D365 /* WeatherRequestManager.swift */; };
		EF5B809C22011D180022D365 /* Wheather.swift in Sources */ = {isa = PBXBuildFile; fileRef = EF5B809B22011D180022D365 /* Wheather.swift */; };
		EF95BE7C21FAF86B003813EB /* AppDelegate.swift in Sources */ = {isa = PBXBuildFile; fileRef = EF95BE7B21FAF86B003813EB /* AppDelegate.swift */; };
		EF95BE8321FAF86C003813EB /* Assets.xcassets in Resources */ = {isa = PBXBuildFile; fileRef = EF95BE8221FAF86C003813EB /* Assets.xcassets */; };
		EF95BE8621FAF86C003813EB /* LaunchScreen.storyboard in Resources */ = {isa = PBXBuildFile; fileRef = EF95BE8421FAF86C003813EB /* LaunchScreen.storyboard */; };
/* End PBXBuildFile section */

/* Begin PBXFileReference section */
		5CF6702533806E1CAC234248 /* Pods_TestApp.framework */ = {isa = PBXFileReference; explicitFileType = wrapper.framework; includeInIndex = 0; path = Pods_TestApp.framework; sourceTree = BUILT_PRODUCTS_DIR; };
		B136E6B01582D78757695032 /* Pods-TestApp.debug.xcconfig */ = {isa = PBXFileReference; includeInIndex = 1; lastKnownFileType = text.xcconfig; name = "Pods-TestApp.debug.xcconfig"; path = "Pods/Target Support Files/Pods-TestApp/Pods-TestApp.debug.xcconfig"; sourceTree = "<group>"; };
		EF5B805A2200D9B10022D365 /* Auth.storyboard */ = {isa = PBXFileReference; lastKnownFileType = file.storyboard; path = Auth.storyboard; sourceTree = "<group>"; };
		EF5B80612200E0D70022D365 /* RoundedButton.swift */ = {isa = PBXFileReference; lastKnownFileType = sourcecode.swift; path = RoundedButton.swift; sourceTree = "<group>"; };
		EF5B80642200E2080022D365 /* UIFont.swift */ = {isa = PBXFileReference; lastKnownFileType = sourcecode.swift; path = UIFont.swift; sourceTree = "<group>"; };
		EF5B80682200E5630022D365 /* SFUIText-Medium.otf */ = {isa = PBXFileReference; lastKnownFileType = file; path = "SFUIText-Medium.otf"; sourceTree = "<group>"; };
		EF5B80692200E5630022D365 /* SFUIText-Regular.otf */ = {isa = PBXFileReference; lastKnownFileType = file; path = "SFUIText-Regular.otf"; sourceTree = "<group>"; };
		EF5B806C2200E70D0022D365 /* UIColor.swift */ = {isa = PBXFileReference; lastKnownFileType = sourcecode.swift; path = UIColor.swift; sourceTree = "<group>"; };
		EF5B806F2200E8F60022D365 /* StoryboardHelper.swift */ = {isa = PBXFileReference; lastKnownFileType = sourcecode.swift; path = StoryboardHelper.swift; sourceTree = "<group>"; };
		EF5B80732200E9900022D365 /* SignInRouter.swift */ = {isa = PBXFileReference; fileEncoding = 4; lastKnownFileType = sourcecode.swift; path = SignInRouter.swift; sourceTree = "<group>"; };
		EF5B80742200E9900022D365 /* SignInAssembly.swift */ = {isa = PBXFileReference; fileEncoding = 4; lastKnownFileType = sourcecode.swift; path = SignInAssembly.swift; sourceTree = "<group>"; };
		EF5B80752200E9900022D365 /* SignInPresenter.swift */ = {isa = PBXFileReference; fileEncoding = 4; lastKnownFileType = sourcecode.swift; path = SignInPresenter.swift; sourceTree = "<group>"; };
		EF5B80762200E9900022D365 /* SignInViewController.swift */ = {isa = PBXFileReference; fileEncoding = 4; lastKnownFileType = sourcecode.swift; path = SignInViewController.swift; sourceTree = "<group>"; };
		EF5B80772200E9900022D365 /* SignInProtocols.swift */ = {isa = PBXFileReference; fileEncoding = 4; lastKnownFileType = sourcecode.swift; path = SignInProtocols.swift; sourceTree = "<group>"; };
		EF5B80782200E9900022D365 /* SignInInteractor.swift */ = {isa = PBXFileReference; fileEncoding = 4; lastKnownFileType = sourcecode.swift; path = SignInInteractor.swift; sourceTree = "<group>"; };
		EF5B80822200EE210022D365 /* ViewController.swift */ = {isa = PBXFileReference; lastKnownFileType = sourcecode.swift; path = ViewController.swift; sourceTree = "<group>"; };
		EF5B80842200F3280022D365 /* L.swift */ = {isa = PBXFileReference; lastKnownFileType = sourcecode.swift; path = L.swift; sourceTree = "<group>"; };
		EF5B80862200F8330022D365 /* BlueButton.swift */ = {isa = PBXFileReference; lastKnownFileType = sourcecode.swift; path = BlueButton.swift; sourceTree = "<group>"; };
		EF5B8088220101960022D365 /* BorderButton.swift */ = {isa = PBXFileReference; lastKnownFileType = sourcecode.swift; path = BorderButton.swift; sourceTree = "<group>"; };
		EF5B808B220105630022D365 /* FloatTextField.swift */ = {isa = PBXFileReference; lastKnownFileType = sourcecode.swift; path = FloatTextField.swift; sourceTree = "<group>"; };
		EF5B808D2201071B0022D365 /* BorderView.swift */ = {isa = PBXFileReference; lastKnownFileType = sourcecode.swift; path = BorderView.swift; sourceTree = "<group>"; };
		EF5B808F220109070022D365 /* Validation.swift */ = {isa = PBXFileReference; lastKnownFileType = sourcecode.swift; path = Validation.swift; sourceTree = "<group>"; };
		EF5B8091220109530022D365 /* UIViewController.swift */ = {isa = PBXFileReference; lastKnownFileType = sourcecode.swift; path = UIViewController.swift; sourceTree = "<group>"; };
		EF5B809322010BA90022D365 /* UIView.swift */ = {isa = PBXFileReference; lastKnownFileType = sourcecode.swift; path = UIView.swift; sourceTree = "<group>"; };
		EF5B80982201167A0022D365 /* WeatherRequestManager.swift */ = {isa = PBXFileReference; lastKnownFileType = sourcecode.swift; path = WeatherRequestManager.swift; sourceTree = "<group>"; };
		EF5B809B22011D180022D365 /* Wheather.swift */ = {isa = PBXFileReference; lastKnownFileType = sourcecode.swift; path = Wheather.swift; sourceTree = "<group>"; };
		EF95BE7821FAF86B003813EB /* TestApp.app */ = {isa = PBXFileReference; explicitFileType = wrapper.application; includeInIndex = 0; path = TestApp.app; sourceTree = BUILT_PRODUCTS_DIR; };
		EF95BE7B21FAF86B003813EB /* AppDelegate.swift */ = {isa = PBXFileReference; lastKnownFileType = sourcecode.swift; path = AppDelegate.swift; sourceTree = "<group>"; };
		EF95BE8221FAF86C003813EB /* Assets.xcassets */ = {isa = PBXFileReference; lastKnownFileType = folder.assetcatalog; path = Assets.xcassets; sourceTree = "<group>"; };
		EF95BE8521FAF86C003813EB /* Base */ = {isa = PBXFileReference; lastKnownFileType = file.storyboard; name = Base; path = Base.lproj/LaunchScreen.storyboard; sourceTree = "<group>"; };
		EF95BE8721FAF86C003813EB /* Info.plist */ = {isa = PBXFileReference; lastKnownFileType = text.plist.xml; path = Info.plist; sourceTree = "<group>"; };
		FCD43ECCB6B94CB6F98A99EC /* Pods-TestApp.release.xcconfig */ = {isa = PBXFileReference; includeInIndex = 1; lastKnownFileType = text.xcconfig; name = "Pods-TestApp.release.xcconfig"; path = "Pods/Target Support Files/Pods-TestApp/Pods-TestApp.release.xcconfig"; sourceTree = "<group>"; };
/* End PBXFileReference section */

/* Begin PBXFrameworksBuildPhase section */
		EF95BE7521FAF86B003813EB /* Frameworks */ = {
			isa = PBXFrameworksBuildPhase;
			buildActionMask = 2147483647;
			files = (
				393305AA12C8FD5E70B9C811 /* Pods_TestApp.framework in Frameworks */,
			);
			runOnlyForDeploymentPostprocessing = 0;
		};
/* End PBXFrameworksBuildPhase section */

/* Begin PBXGroup section */
		1DE15A9DFF5E22C5DA76FA5C /* Pods */ = {
			isa = PBXGroup;
			children = (
				B136E6B01582D78757695032 /* Pods-TestApp.debug.xcconfig */,
				FCD43ECCB6B94CB6F98A99EC /* Pods-TestApp.release.xcconfig */,
			);
			name = Pods;
			sourceTree = "<group>";
		};
		680926277E40FF00B8B8822B /* Frameworks */ = {
			isa = PBXGroup;
			children = (
				5CF6702533806E1CAC234248 /* Pods_TestApp.framework */,
			);
			name = Frameworks;
			sourceTree = "<group>";
		};
		EF5B80562200CA400022D365 /* Auth */ = {
			isa = PBXGroup;
			children = (
				EF5B805A2200D9B10022D365 /* Auth.storyboard */,
				EF5B80812200EDF10022D365 /* ViewController */,
				EF5B80712200E9900022D365 /* SignIn */,
			);
			path = Auth;
			sourceTree = "<group>";
		};
		EF5B80572200CA510022D365 /* Modules */ = {
			isa = PBXGroup;
			children = (
				EF5B80562200CA400022D365 /* Auth */,
			);
			path = Modules;
			sourceTree = "<group>";
		};
		EF5B805C2200DFFF0022D365 /* Support */ = {
			isa = PBXGroup;
			children = (
				EF5B806E2200E8DF0022D365 /* Helpers */,
				EF5B80662200E5310022D365 /* Source */,
				EF5B80632200E1F80022D365 /* Extension */,
				EF5B805D2200E0130022D365 /* Views */,
			);
			path = Support;
			sourceTree = "<group>";
		};
		EF5B805D2200E0130022D365 /* Views */ = {
			isa = PBXGroup;
			children = (
				EF5B808A220105350022D365 /* UITextField */,
				EF5B805E2200E0230022D365 /* UIButton */,
				EF5B808D2201071B0022D365 /* BorderView.swift */,
			);
			path = Views;
			sourceTree = "<group>";
		};
		EF5B805E2200E0230022D365 /* UIButton */ = {
			isa = PBXGroup;
			children = (
				EF5B80612200E0D70022D365 /* RoundedButton.swift */,
				EF5B80862200F8330022D365 /* BlueButton.swift */,
				EF5B8088220101960022D365 /* BorderButton.swift */,
			);
			path = UIButton;
			sourceTree = "<group>";
		};
		EF5B80632200E1F80022D365 /* Extension */ = {
			isa = PBXGroup;
			children = (
				EF5B80642200E2080022D365 /* UIFont.swift */,
				EF5B806C2200E70D0022D365 /* UIColor.swift */,
				EF5B8091220109530022D365 /* UIViewController.swift */,
				EF5B809322010BA90022D365 /* UIView.swift */,
			);
			path = Extension;
			sourceTree = "<group>";
		};
		EF5B80662200E5310022D365 /* Source */ = {
			isa = PBXGroup;
			children = (
				EF5B80672200E53C0022D365 /* Fonts */,
			);
			path = Source;
			sourceTree = "<group>";
		};
		EF5B80672200E53C0022D365 /* Fonts */ = {
			isa = PBXGroup;
			children = (
				EF5B80682200E5630022D365 /* SFUIText-Medium.otf */,
				EF5B80692200E5630022D365 /* SFUIText-Regular.otf */,
			);
			path = Fonts;
			sourceTree = "<group>";
		};
		EF5B806E2200E8DF0022D365 /* Helpers */ = {
			isa = PBXGroup;
			children = (
				EF5B806F2200E8F60022D365 /* StoryboardHelper.swift */,
				EF5B80842200F3280022D365 /* L.swift */,
				EF5B808F220109070022D365 /* Validation.swift */,
			);
			path = Helpers;
			sourceTree = "<group>";
		};
		EF5B80712200E9900022D365 /* SignIn */ = {
			isa = PBXGroup;
			children = (
				EF5B80742200E9900022D365 /* SignInAssembly.swift */,
				EF5B80772200E9900022D365 /* SignInProtocols.swift */,
				EF5B80782200E9900022D365 /* SignInInteractor.swift */,
				EF5B80762200E9900022D365 /* SignInViewController.swift */,
				EF5B80752200E9900022D365 /* SignInPresenter.swift */,
				EF5B80732200E9900022D365 /* SignInRouter.swift */,
			);
			path = SignIn;
			sourceTree = "<group>";
		};
		EF5B80812200EDF10022D365 /* ViewController */ = {
			isa = PBXGroup;
			children = (
				EF5B80822200EE210022D365 /* ViewController.swift */,
			);
			path = ViewController;
			sourceTree = "<group>";
		};
		EF5B808A220105350022D365 /* UITextField */ = {
			isa = PBXGroup;
			children = (
				EF5B808B220105630022D365 /* FloatTextField.swift */,
			);
			path = UITextField;
			sourceTree = "<group>";
		};
		EF5B8095220115ED0022D365 /* API */ = {
			isa = PBXGroup;
			children = (
				EF5B80982201167A0022D365 /* WeatherRequestManager.swift */,
			);
			path = API;
			sourceTree = "<group>";
		};
		EF5B809A22011D000022D365 /* Models */ = {
			isa = PBXGroup;
			children = (
				EF5B809B22011D180022D365 /* Wheather.swift */,
			);
			path = Models;
			sourceTree = "<group>";
		};
		EF95BE6F21FAF86B003813EB = {
			isa = PBXGroup;
			children = (
				EF95BE7A21FAF86B003813EB /* TestApp */,
				EF95BE7921FAF86B003813EB /* Products */,
				1DE15A9DFF5E22C5DA76FA5C /* Pods */,
				680926277E40FF00B8B8822B /* Frameworks */,
			);
			sourceTree = "<group>";
		};
		EF95BE7921FAF86B003813EB /* Products */ = {
			isa = PBXGroup;
			children = (
				EF95BE7821FAF86B003813EB /* TestApp.app */,
			);
			name = Products;
			sourceTree = "<group>";
		};
		EF95BE7A21FAF86B003813EB /* TestApp */ = {
			isa = PBXGroup;
			children = (
				EF95BE7B21FAF86B003813EB /* AppDelegate.swift */,
				EF5B80572200CA510022D365 /* Modules */,
				EF5B805C2200DFFF0022D365 /* Support */,
				EF5B809A22011D000022D365 /* Models */,
				EF5B8095220115ED0022D365 /* API */,
				EF95BE8221FAF86C003813EB /* Assets.xcassets */,
				EF95BE8421FAF86C003813EB /* LaunchScreen.storyboard */,
				EF95BE8721FAF86C003813EB /* Info.plist */,
			);
			path = TestApp;
			sourceTree = "<group>";
		};
/* End PBXGroup section */

/* Begin PBXNativeTarget section */
		EF95BE7721FAF86B003813EB /* TestApp */ = {
			isa = PBXNativeTarget;
			buildConfigurationList = EF95BE8A21FAF86C003813EB /* Build configuration list for PBXNativeTarget "TestApp" */;
			buildPhases = (
				9C2167B602DAE2BDC078A6C9 /* [CP] Check Pods Manifest.lock */,
				EF95BE7421FAF86B003813EB /* Sources */,
				EF95BE7521FAF86B003813EB /* Frameworks */,
				EF95BE7621FAF86B003813EB /* Resources */,
				9116C555D3F7B7B3C73E4E8E /* [CP] Embed Pods Frameworks */,
			);
			buildRules = (
			);
			dependencies = (
			);
			name = TestApp;
			productName = TestApp;
			productReference = EF95BE7821FAF86B003813EB /* TestApp.app */;
			productType = "com.apple.product-type.application";
		};
/* End PBXNativeTarget section */

/* Begin PBXProject section */
		EF95BE7021FAF86B003813EB /* Project object */ = {
			isa = PBXProject;
			attributes = {
				LastSwiftUpdateCheck = 1010;
				LastUpgradeCheck = 1010;
				ORGANIZATIONNAME = harbros;
				TargetAttributes = {
					EF95BE7721FAF86B003813EB = {
						CreatedOnToolsVersion = 10.1;
					};
				};
			};
			buildConfigurationList = EF95BE7321FAF86B003813EB /* Build configuration list for PBXProject "TestApp" */;
			compatibilityVersion = "Xcode 9.3";
			developmentRegion = en;
			hasScannedForEncodings = 0;
			knownRegions = (
				en,
				Base,
			);
			mainGroup = EF95BE6F21FAF86B003813EB;
			productRefGroup = EF95BE7921FAF86B003813EB /* Products */;
			projectDirPath = "";
			projectRoot = "";
			targets = (
				EF95BE7721FAF86B003813EB /* TestApp */,
			);
		};
/* End PBXProject section */

/* Begin PBXResourcesBuildPhase section */
		EF95BE7621FAF86B003813EB /* Resources */ = {
			isa = PBXResourcesBuildPhase;
			buildActionMask = 2147483647;
			files = (
				EF5B806A2200E5A20022D365 /* SFUIText-Medium.otf in Resources */,
				EF5B806B2200E5A50022D365 /* SFUIText-Regular.otf in Resources */,
				EF5B805B2200D9B10022D365 /* Auth.storyboard in Resources */,
				EF95BE8621FAF86C003813EB /* LaunchScreen.storyboard in Resources */,
				EF95BE8321FAF86C003813EB /* Assets.xcassets in Resources */,
			);
			runOnlyForDeploymentPostprocessing = 0;
		};
/* End PBXResourcesBuildPhase section */

/* Begin PBXShellScriptBuildPhase section */
		9116C555D3F7B7B3C73E4E8E /* [CP] Embed Pods Frameworks */ = {
			isa = PBXShellScriptBuildPhase;
			buildActionMask = 2147483647;
			files = (
			);
			inputPaths = (
				"${SRCROOT}/Pods/Target Support Files/Pods-TestApp/Pods-TestApp-frameworks.sh",
				"${BUILT_PRODUCTS_DIR}/Alamofire/Alamofire.framework",
				"${BUILT_PRODUCTS_DIR}/SkyFloatingLabelTextField/SkyFloatingLabelTextField.framework",
				"${BUILT_PRODUCTS_DIR}/Typist/Typist.framework",
			);
			name = "[CP] Embed Pods Frameworks";
			outputPaths = (
				"${TARGET_BUILD_DIR}/${FRAMEWORKS_FOLDER_PATH}/Alamofire.framework",
				"${TARGET_BUILD_DIR}/${FRAMEWORKS_FOLDER_PATH}/SkyFloatingLabelTextField.framework",
				"${TARGET_BUILD_DIR}/${FRAMEWORKS_FOLDER_PATH}/Typist.framework",
			);
			runOnlyForDeploymentPostprocessing = 0;
			shellPath = /bin/sh;
			shellScript = "\"${SRCROOT}/Pods/Target Support Files/Pods-TestApp/Pods-TestApp-frameworks.sh\"\n";
			showEnvVarsInLog = 0;
		};
		9C2167B602DAE2BDC078A6C9 /* [CP] Check Pods Manifest.lock */ = {
			isa = PBXShellScriptBuildPhase;
			buildActionMask = 2147483647;
			files = (
			);
			inputPaths = (
				"${PODS_PODFILE_DIR_PATH}/Podfile.lock",
				"${PODS_ROOT}/Manifest.lock",
			);
			name = "[CP] Check Pods Manifest.lock";
			outputPaths = (
				"$(DERIVED_FILE_DIR)/Pods-TestApp-checkManifestLockResult.txt",
			);
			runOnlyForDeploymentPostprocessing = 0;
			shellPath = /bin/sh;
			shellScript = "diff \"${PODS_PODFILE_DIR_PATH}/Podfile.lock\" \"${PODS_ROOT}/Manifest.lock\" > /dev/null\nif [ $? != 0 ] ; then\n    # print error to STDERR\n    echo \"error: The sandbox is not in sync with the Podfile.lock. Run 'pod install' or update your CocoaPods installation.\" >&2\n    exit 1\nfi\n# This output is used by Xcode 'outputs' to avoid re-running this script phase.\necho \"SUCCESS\" > \"${SCRIPT_OUTPUT_FILE_0}\"\n";
			showEnvVarsInLog = 0;
		};
/* End PBXShellScriptBuildPhase section */

/* Begin PBXSourcesBuildPhase section */
		EF95BE7421FAF86B003813EB /* Sources */ = {
			isa = PBXSourcesBuildPhase;
			buildActionMask = 2147483647;
			files = (
				EF5B809422010BA90022D365 /* UIView.swift in Sources */,
				EF5B807A2200E9900022D365 /* SignInRouter.swift in Sources */,
				EF5B807E2200E9900022D365 /* SignInProtocols.swift in Sources */,
				EF5B807F2200E9900022D365 /* SignInInteractor.swift in Sources */,
				EF5B80992201167A0022D365 /* WeatherRequestManager.swift in Sources */,
				EF5B8092220109530022D365 /* UIViewController.swift in Sources */,
				EF95BE7C21FAF86B003813EB /* AppDelegate.swift in Sources */,
				EF5B809C22011D180022D365 /* Wheather.swift in Sources */,
				EF5B8090220109070022D365 /* Validation.swift in Sources */,
				EF5B80852200F3280022D365 /* L.swift in Sources */,
				EF5B807D2200E9900022D365 /* SignInViewController.swift in Sources */,
				EF5B808E2201071B0022D365 /* BorderView.swift in Sources */,
				EF5B807C2200E9900022D365 /* SignInPresenter.swift in Sources */,
				EF5B80872200F8330022D365 /* BlueButton.swift in Sources */,
				EF5B8089220101960022D365 /* BorderButton.swift in Sources */,
				EF5B80832200EE210022D365 /* ViewController.swift in Sources */,
				EF5B806D2200E70D0022D365 /* UIColor.swift in Sources */,
				EF5B80622200E0D70022D365 /* RoundedButton.swift in Sources */,
				EF5B80702200E8F60022D365 /* StoryboardHelper.swift in Sources */,
				EF5B80652200E2080022D365 /* UIFont.swift in Sources */,
				EF5B808C220105630022D365 /* FloatTextField.swift in Sources */,
				EF5B807B2200E9900022D365 /* SignInAssembly.swift in Sources */,
			);
			runOnlyForDeploymentPostprocessing = 0;
		};
/* End PBXSourcesBuildPhase section */

/* Begin PBXVariantGroup section */
		EF95BE8421FAF86C003813EB /* LaunchScreen.storyboard */ = {
			isa = PBXVariantGroup;
			children = (
				EF95BE8521FAF86C003813EB /* Base */,
			);
			name = LaunchScreen.storyboard;
			sourceTree = "<group>";
		};
/* End PBXVariantGroup section */

/* Begin XCBuildConfiguration section */
		EF95BE8821FAF86C003813EB /* Debug */ = {
			isa = XCBuildConfiguration;
			buildSettings = {
				ALWAYS_SEARCH_USER_PATHS = NO;
				CLANG_ANALYZER_NONNULL = YES;
				CLANG_ANALYZER_NUMBER_OBJECT_CONVERSION = YES_AGGRESSIVE;
				CLANG_CXX_LANGUAGE_STANDARD = "gnu++14";
				CLANG_CXX_LIBRARY = "libc++";
				CLANG_ENABLE_MODULES = YES;
				CLANG_ENABLE_OBJC_ARC = YES;
				CLANG_ENABLE_OBJC_WEAK = YES;
				CLANG_WARN_BLOCK_CAPTURE_AUTORELEASING = YES;
				CLANG_WARN_BOOL_CONVERSION = YES;
				CLANG_WARN_COMMA = YES;
				CLANG_WARN_CONSTANT_CONVERSION = YES;
				CLANG_WARN_DEPRECATED_OBJC_IMPLEMENTATIONS = YES;
				CLANG_WARN_DIRECT_OBJC_ISA_USAGE = YES_ERROR;
				CLANG_WARN_DOCUMENTATION_COMMENTS = YES;
				CLANG_WARN_EMPTY_BODY = YES;
				CLANG_WARN_ENUM_CONVERSION = YES;
				CLANG_WARN_INFINITE_RECURSION = YES;
				CLANG_WARN_INT_CONVERSION = YES;
				CLANG_WARN_NON_LITERAL_NULL_CONVERSION = YES;
				CLANG_WARN_OBJC_IMPLICIT_RETAIN_SELF = YES;
				CLANG_WARN_OBJC_LITERAL_CONVERSION = YES;
				CLANG_WARN_OBJC_ROOT_CLASS = YES_ERROR;
				CLANG_WARN_RANGE_LOOP_ANALYSIS = YES;
				CLANG_WARN_STRICT_PROTOTYPES = YES;
				CLANG_WARN_SUSPICIOUS_MOVE = YES;
				CLANG_WARN_UNGUARDED_AVAILABILITY = YES_AGGRESSIVE;
				CLANG_WARN_UNREACHABLE_CODE = YES;
				CLANG_WARN__DUPLICATE_METHOD_MATCH = YES;
				CODE_SIGN_IDENTITY = "iPhone Developer";
				COPY_PHASE_STRIP = NO;
				DEBUG_INFORMATION_FORMAT = dwarf;
				ENABLE_STRICT_OBJC_MSGSEND = YES;
				ENABLE_TESTABILITY = YES;
				GCC_C_LANGUAGE_STANDARD = gnu11;
				GCC_DYNAMIC_NO_PIC = NO;
				GCC_NO_COMMON_BLOCKS = YES;
				GCC_OPTIMIZATION_LEVEL = 0;
				GCC_PREPROCESSOR_DEFINITIONS = (
					"DEBUG=1",
					"$(inherited)",
				);
				GCC_WARN_64_TO_32_BIT_CONVERSION = YES;
				GCC_WARN_ABOUT_RETURN_TYPE = YES_ERROR;
				GCC_WARN_UNDECLARED_SELECTOR = YES;
				GCC_WARN_UNINITIALIZED_AUTOS = YES_AGGRESSIVE;
				GCC_WARN_UNUSED_FUNCTION = YES;
				GCC_WARN_UNUSED_VARIABLE = YES;
				IPHONEOS_DEPLOYMENT_TARGET = 12.1;
				MTL_ENABLE_DEBUG_INFO = INCLUDE_SOURCE;
				MTL_FAST_MATH = YES;
				ONLY_ACTIVE_ARCH = YES;
				SDKROOT = iphoneos;
				SWIFT_ACTIVE_COMPILATION_CONDITIONS = DEBUG;
				SWIFT_OPTIMIZATION_LEVEL = "-Onone";
			};
			name = Debug;
		};
		EF95BE8921FAF86C003813EB /* Release */ = {
			isa = XCBuildConfiguration;
			buildSettings = {
				ALWAYS_SEARCH_USER_PATHS = NO;
				CLANG_ANALYZER_NONNULL = YES;
				CLANG_ANALYZER_NUMBER_OBJECT_CONVERSION = YES_AGGRESSIVE;
				CLANG_CXX_LANGUAGE_STANDARD = "gnu++14";
				CLANG_CXX_LIBRARY = "libc++";
				CLANG_ENABLE_MODULES = YES;
				CLANG_ENABLE_OBJC_ARC = YES;
				CLANG_ENABLE_OBJC_WEAK = YES;
				CLANG_WARN_BLOCK_CAPTURE_AUTORELEASING = YES;
				CLANG_WARN_BOOL_CONVERSION = YES;
				CLANG_WARN_COMMA = YES;
				CLANG_WARN_CONSTANT_CONVERSION = YES;
				CLANG_WARN_DEPRECATED_OBJC_IMPLEMENTATIONS = YES;
				CLANG_WARN_DIRECT_OBJC_ISA_USAGE = YES_ERROR;
				CLANG_WARN_DOCUMENTATION_COMMENTS = YES;
				CLANG_WARN_EMPTY_BODY = YES;
				CLANG_WARN_ENUM_CONVERSION = YES;
				CLANG_WARN_INFINITE_RECURSION = YES;
				CLANG_WARN_INT_CONVERSION = YES;
				CLANG_WARN_NON_LITERAL_NULL_CONVERSION = YES;
				CLANG_WARN_OBJC_IMPLICIT_RETAIN_SELF = YES;
				CLANG_WARN_OBJC_LITERAL_CONVERSION = YES;
				CLANG_WARN_OBJC_ROOT_CLASS = YES_ERROR;
				CLANG_WARN_RANGE_LOOP_ANALYSIS = YES;
				CLANG_WARN_STRICT_PROTOTYPES = YES;
				CLANG_WARN_SUSPICIOUS_MOVE = YES;
				CLANG_WARN_UNGUARDED_AVAILABILITY = YES_AGGRESSIVE;
				CLANG_WARN_UNREACHABLE_CODE = YES;
				CLANG_WARN__DUPLICATE_METHOD_MATCH = YES;
				CODE_SIGN_IDENTITY = "iPhone Developer";
				COPY_PHASE_STRIP = NO;
				DEBUG_INFORMATION_FORMAT = "dwarf-with-dsym";
				ENABLE_NS_ASSERTIONS = NO;
				ENABLE_STRICT_OBJC_MSGSEND = YES;
				GCC_C_LANGUAGE_STANDARD = gnu11;
				GCC_NO_COMMON_BLOCKS = YES;
				GCC_WARN_64_TO_32_BIT_CONVERSION = YES;
				GCC_WARN_ABOUT_RETURN_TYPE = YES_ERROR;
				GCC_WARN_UNDECLARED_SELECTOR = YES;
				GCC_WARN_UNINITIALIZED_AUTOS = YES_AGGRESSIVE;
				GCC_WARN_UNUSED_FUNCTION = YES;
				GCC_WARN_UNUSED_VARIABLE = YES;
				IPHONEOS_DEPLOYMENT_TARGET = 12.1;
				MTL_ENABLE_DEBUG_INFO = NO;
				MTL_FAST_MATH = YES;
				SDKROOT = iphoneos;
				SWIFT_COMPILATION_MODE = wholemodule;
				SWIFT_OPTIMIZATION_LEVEL = "-O";
				VALIDATE_PRODUCT = YES;
			};
			name = Release;
		};
		EF95BE8B21FAF86C003813EB /* Debug */ = {
			isa = XCBuildConfiguration;
			baseConfigurationReference = B136E6B01582D78757695032 /* Pods-TestApp.debug.xcconfig */;
			buildSettings = {
				ASSETCATALOG_COMPILER_APPICON_NAME = AppIcon;
				CODE_SIGN_STYLE = Automatic;
				DEVELOPMENT_TEAM = Y8WX5PGU96;
				INFOPLIST_FILE = TestApp/Info.plist;
				IPHONEOS_DEPLOYMENT_TARGET = 10.0;
				LD_RUNPATH_SEARCH_PATHS = (
					"$(inherited)",
					"@executable_path/Frameworks",
				);
				PRODUCT_BUNDLE_IDENTIFIER = harbros.TestApp;
				PRODUCT_NAME = "$(TARGET_NAME)";
				SWIFT_VERSION = 4.2;
				TARGETED_DEVICE_FAMILY = "1,2";
			};
			name = Debug;
		};
		EF95BE8C21FAF86C003813EB /* Release */ = {
			isa = XCBuildConfiguration;
			baseConfigurationReference = FCD43ECCB6B94CB6F98A99EC /* Pods-TestApp.release.xcconfig */;
			buildSettings = {
				ASSETCATALOG_COMPILER_APPICON_NAME = AppIcon;
				CODE_SIGN_STYLE = Automatic;
				DEVELOPMENT_TEAM = Y8WX5PGU96;
				INFOPLIST_FILE = TestApp/Info.plist;
				IPHONEOS_DEPLOYMENT_TARGET = 10.0;
				LD_RUNPATH_SEARCH_PATHS = (
					"$(inherited)",
					"@executable_path/Frameworks",
				);
				PRODUCT_BUNDLE_IDENTIFIER = harbros.TestApp;
				PRODUCT_NAME = "$(TARGET_NAME)";
				SWIFT_VERSION = 4.2;
				TARGETED_DEVICE_FAMILY = "1,2";
			};
			name = Release;
		};
/* End XCBuildConfiguration section */

/* Begin XCConfigurationList section */
		EF95BE7321FAF86B003813EB /* Build configuration list for PBXProject "TestApp" */ = {
			isa = XCConfigurationList;
			buildConfigurations = (
				EF95BE8821FAF86C003813EB /* Debug */,
				EF95BE8921FAF86C003813EB /* Release */,
			);
			defaultConfigurationIsVisible = 0;
			defaultConfigurationName = Release;
		};
		EF95BE8A21FAF86C003813EB /* Build configuration list for PBXNativeTarget "TestApp" */ = {
			isa = XCConfigurationList;
			buildConfigurations = (
				EF95BE8B21FAF86C003813EB /* Debug */,
				EF95BE8C21FAF86C003813EB /* Release */,
			);
			defaultConfigurationIsVisible = 0;
			defaultConfigurationName = Release;
		};
/* End XCConfigurationList section */
	};
	rootObject = EF95BE7021FAF86B003813EB /* Project object */;
}
